
Microsoft Visual Studio Solution File, Format Version 12.00
# Visual Studio Version 17
VisualStudioVersion = 17.3.32929.385
MinimumVisualStudioVersion = 10.0.40219.1
Project("{FAE04EC0-301F-11D3-BF4B-00C04F79EFBC}") = "SelfDefence", "SelfDefence.csproj", "{C0C5785B-9B67-42BC-ABD4-6B4DC0244A56}"
EndProject
Global
	GlobalSection(SolutionConfigurationPlatforms) = preSolution
		Debug|Any CPU = Debug|Any CPU
		Release|Any CPU = Release|Any CPU
	EndGlobalSection
	GlobalSection(ProjectConfigurationPlatforms) = postSolution
		{C0C5785B-9B67-42BC-ABD4-6B4DC0244A56}.Debug|Any CPU.ActiveCfg = Debug|Any CPU
		{C0C5785B-9B67-42BC-ABD4-6B4DC0244A56}.Debug|Any CPU.Build.0 = Debug|Any CPU
		{C0C5785B-9B67-42BC-ABD4-6B4DC0244A56}.Release|Any CPU.ActiveCfg = Release|Any CPU
		{C0C5785B-9B67-42BC-ABD4-6B4DC0244A56}.Release|Any CPU.Build.0 = Release|Any CPU
	EndGlobalSection
	GlobalSection(SolutionProperties) = preSolution
		HideSolutionNode = FALSE
	EndGlobalSection
	GlobalSection(ExtensibilityGlobals) = postSolution
		SolutionGuid = {7F93EB7C-A50E-4031-9442-461E3EBE8B19}
	EndGlobalSection
EndGlobal
